
Microsoft Visual Studio Solution File, Format Version 12.00
# Visual Studio 2013
VisualStudioVersion = 12.0.31101.0
MinimumVisualStudioVersion = 10.0.40219.1
Project("{FAE04EC0-301F-11D3-BF4B-00C04F79EFBC}") = "DeanZhou.Framework", "DeanZhou.Framework\DeanZhou.Framework.csproj", "{DDC0020F-BA89-428B-B2E0-9CE0CA81ED4C}"
EndProject
Project("{FAE04EC0-301F-11D3-BF4B-00C04F79EFBC}") = "UnitTestCore", "UnitTestCore\UnitTestCore.csproj", "{665F581B-233D-478E-95A8-4B6798A8D63A}"
EndProject
Project("{2150E333-8FDC-42A3-9474-1A3956D46DE8}") = ".nuget", ".nuget", "{2556FEE0-E06F-48B1-BA14-53BC98636FC2}"
	ProjectSection(SolutionItems) = preProject
		.nuget\NuGet.Config = .nuget\NuGet.Config
		.nuget\NuGet.exe = .nuget\NuGet.exe
		.nuget\NuGet.targets = .nuget\NuGet.targets
	EndProjectSection
EndProject
Project("{FAE04EC0-301F-11D3-BF4B-00C04F79EFBC}") = "ConsoleTest", "ConsoleTest\ConsoleTest.csproj", "{67A6063B-9429-475C-9653-287FDC1B073D}"
EndProject
Project("{2150E333-8FDC-42A3-9474-1A3956D46DE8}") = "DeanZhou.Framework.Test", "DeanZhou.Framework.Test", "{7D52A028-64DD-4A5A-B524-783EFA0978C7}"
EndProject
Project("{FAE04EC0-301F-11D3-BF4B-00C04F79EFBC}") = "WinTest", "WinTest\WinTest.csproj", "{D03567F8-D79B-4E36-BD18-4AFFF04A95E0}"
EndProject
Project("{FAE04EC0-301F-11D3-BF4B-00C04F79EFBC}") = "CsharpHttpHelper", "CsharpHttpHelper\CsharpHttpHelper.csproj", "{966C2F8B-47E5-4E6D-ABFC-13501E739D25}"
EndProject
Project("{FAE04EC0-301F-11D3-BF4B-00C04F79EFBC}") = "CsharpHttpHelper_Demo", "CsharpHttpHelper_Demo\CsharpHttpHelper_Demo.csproj", "{F32BFE1F-4707-447A-BF42-DF82F710371F}"
EndProject
Project("{2150E333-8FDC-42A3-9474-1A3956D46DE8}") = "WeiboCore", "WeiboCore", "{13BF7DF6-BB1E-4F5C-A380-2869A144F36E}"
EndProject
Project("{FAE04EC0-301F-11D3-BF4B-00C04F79EFBC}") = "CommonEntityLib", "WeiboCore\CommonEntityLib\CommonEntityLib.csproj", "{68F7F43D-A9F9-4C42-962B-01550E90D962}"
EndProject
Project("{FAE04EC0-301F-11D3-BF4B-00C04F79EFBC}") = "SinaWeiboCore", "WeiboCore\SinaWeiboCore\SinaWeiboCore.csproj", "{79D38A39-DCBB-4A8D-865C-CFB1D4F76241}"
EndProject
Project("{FAE04EC0-301F-11D3-BF4B-00C04F79EFBC}") = "SinaWeiboCoreUnitTest", "WeiboCore\SinaWeiboCoreUnitTest\SinaWeiboCoreUnitTest.csproj", "{B1167CE5-2A63-4940-9564-ED6E5D8A673C}"
EndProject
Global
	GlobalSection(SolutionConfigurationPlatforms) = preSolution
		Debug|Any CPU = Debug|Any CPU
		Release|Any CPU = Release|Any CPU
	EndGlobalSection
	GlobalSection(ProjectConfigurationPlatforms) = postSolution
		{DDC0020F-BA89-428B-B2E0-9CE0CA81ED4C}.Debug|Any CPU.ActiveCfg = Debug|Any CPU
		{DDC0020F-BA89-428B-B2E0-9CE0CA81ED4C}.Debug|Any CPU.Build.0 = Debug|Any CPU
		{DDC0020F-BA89-428B-B2E0-9CE0CA81ED4C}.Release|Any CPU.ActiveCfg = Release|Any CPU
		{DDC0020F-BA89-428B-B2E0-9CE0CA81ED4C}.Release|Any CPU.Build.0 = Release|Any CPU
		{665F581B-233D-478E-95A8-4B6798A8D63A}.Debug|Any CPU.ActiveCfg = Debug|Any CPU
		{665F581B-233D-478E-95A8-4B6798A8D63A}.Debug|Any CPU.Build.0 = Debug|Any CPU
		{665F581B-233D-478E-95A8-4B6798A8D63A}.Release|Any CPU.ActiveCfg = Release|Any CPU
		{665F581B-233D-478E-95A8-4B6798A8D63A}.Release|Any CPU.Build.0 = Release|Any CPU
		{67A6063B-9429-475C-9653-287FDC1B073D}.Debug|Any CPU.ActiveCfg = Debug|Any CPU
		{67A6063B-9429-475C-9653-287FDC1B073D}.Debug|Any CPU.Build.0 = Debug|Any CPU
		{67A6063B-9429-475C-9653-287FDC1B073D}.Release|Any CPU.ActiveCfg = Release|Any CPU
		{67A6063B-9429-475C-9653-287FDC1B073D}.Release|Any CPU.Build.0 = Release|Any CPU
		{D03567F8-D79B-4E36-BD18-4AFFF04A95E0}.Debug|Any CPU.ActiveCfg = Debug|Any CPU
		{D03567F8-D79B-4E36-BD18-4AFFF04A95E0}.Debug|Any CPU.Build.0 = Debug|Any CPU
		{D03567F8-D79B-4E36-BD18-4AFFF04A95E0}.Release|Any CPU.ActiveCfg = Release|Any CPU
		{D03567F8-D79B-4E36-BD18-4AFFF04A95E0}.Release|Any CPU.Build.0 = Release|Any CPU
		{966C2F8B-47E5-4E6D-ABFC-13501E739D25}.Debug|Any CPU.ActiveCfg = Debug|Any CPU
		{966C2F8B-47E5-4E6D-ABFC-13501E739D25}.Debug|Any CPU.Build.0 = Debug|Any CPU
		{966C2F8B-47E5-4E6D-ABFC-13501E739D25}.Release|Any CPU.ActiveCfg = Release|Any CPU
		{966C2F8B-47E5-4E6D-ABFC-13501E739D25}.Release|Any CPU.Build.0 = Release|Any CPU
		{F32BFE1F-4707-447A-BF42-DF82F710371F}.Debug|Any CPU.ActiveCfg = Debug|Any CPU
		{F32BFE1F-4707-447A-BF42-DF82F710371F}.Debug|Any CPU.Build.0 = Debug|Any CPU
		{F32BFE1F-4707-447A-BF42-DF82F710371F}.Release|Any CPU.ActiveCfg = Release|Any CPU
		{F32BFE1F-4707-447A-BF42-DF82F710371F}.Release|Any CPU.Build.0 = Release|Any CPU
		{68F7F43D-A9F9-4C42-962B-01550E90D962}.Debug|Any CPU.ActiveCfg = Debug|Any CPU
		{68F7F43D-A9F9-4C42-962B-01550E90D962}.Debug|Any CPU.Build.0 = Debug|Any CPU
		{68F7F43D-A9F9-4C42-962B-01550E90D962}.Release|Any CPU.ActiveCfg = Release|Any CPU
		{68F7F43D-A9F9-4C42-962B-01550E90D962}.Release|Any CPU.Build.0 = Release|Any CPU
		{79D38A39-DCBB-4A8D-865C-CFB1D4F76241}.Debug|Any CPU.ActiveCfg = Debug|Any CPU
		{79D38A39-DCBB-4A8D-865C-CFB1D4F76241}.Debug|Any CPU.Build.0 = Debug|Any CPU
		{79D38A39-DCBB-4A8D-865C-CFB1D4F76241}.Release|Any CPU.ActiveCfg = Release|Any CPU
		{79D38A39-DCBB-4A8D-865C-CFB1D4F76241}.Release|Any CPU.Build.0 = Release|Any CPU
		{B1167CE5-2A63-4940-9564-ED6E5D8A673C}.Debug|Any CPU.ActiveCfg = Debug|Any CPU
		{B1167CE5-2A63-4940-9564-ED6E5D8A673C}.Debug|Any CPU.Build.0 = Debug|Any CPU
		{B1167CE5-2A63-4940-9564-ED6E5D8A673C}.Release|Any CPU.ActiveCfg = Release|Any CPU
		{B1167CE5-2A63-4940-9564-ED6E5D8A673C}.Release|Any CPU.Build.0 = Release|Any CPU
	EndGlobalSection
	GlobalSection(SolutionProperties) = preSolution
		HideSolutionNode = FALSE
	EndGlobalSection
	GlobalSection(NestedProjects) = preSolution
		{665F581B-233D-478E-95A8-4B6798A8D63A} = {7D52A028-64DD-4A5A-B524-783EFA0978C7}
		{67A6063B-9429-475C-9653-287FDC1B073D} = {7D52A028-64DD-4A5A-B524-783EFA0978C7}
		{D03567F8-D79B-4E36-BD18-4AFFF04A95E0} = {7D52A028-64DD-4A5A-B524-783EFA0978C7}
		{68F7F43D-A9F9-4C42-962B-01550E90D962} = {13BF7DF6-BB1E-4F5C-A380-2869A144F36E}
		{79D38A39-DCBB-4A8D-865C-CFB1D4F76241} = {13BF7DF6-BB1E-4F5C-A380-2869A144F36E}
		{B1167CE5-2A63-4940-9564-ED6E5D8A673C} = {13BF7DF6-BB1E-4F5C-A380-2869A144F36E}
	EndGlobalSection
EndGlobal
